
Microsoft Visual Studio Solution File, Format Version 12.00
# Visual Studio Version 17
VisualStudioVersion = 17.8.34205.153
MinimumVisualStudioVersion = 10.0.40219.1
Project("{9A19103F-16F7-4668-BE54-9A1E7A4F7556}") = "VillaAPI", "VillaAPI\VillaAPI.csproj", "{D400D1F6-8B35-448A-9DC4-A9186F8DB8A7}"
EndProject
Global
	GlobalSection(SolutionConfigurationPlatforms) = preSolution
		Debug|Any CPU = Debug|Any CPU
		Release|Any CPU = Release|Any CPU
	EndGlobalSection
	GlobalSection(ProjectConfigurationPlatforms) = postSolution
		{D400D1F6-8B35-448A-9DC4-A9186F8DB8A7}.Debug|Any CPU.ActiveCfg = Debug|Any CPU
		{D400D1F6-8B35-448A-9DC4-A9186F8DB8A7}.Debug|Any CPU.Build.0 = Debug|Any CPU
		{D400D1F6-8B35-448A-9DC4-A9186F8DB8A7}.Release|Any CPU.ActiveCfg = Release|Any CPU
		{D400D1F6-8B35-448A-9DC4-A9186F8DB8A7}.Release|Any CPU.Build.0 = Release|Any CPU
	EndGlobalSection
	GlobalSection(SolutionProperties) = preSolution
		HideSolutionNode = FALSE
	EndGlobalSection
	GlobalSection(ExtensibilityGlobals) = postSolution
		SolutionGuid = {0A872E42-4249-4BA8-9A2F-9463F1E8A236}
	EndGlobalSection
EndGlobal
